
Microsoft Visual Studio Solution File, Format Version 11.00
# Visual Studio 2010
Project("{FAE04EC0-301F-11D3-BF4B-00C04F79EFBC}") = "MyTouchless", "MyTouchless\MyTouchless.csproj", "{B3D3BD3D-D53B-4439-9022-33549BA00E2E}"
EndProject
Global
	GlobalSection(SolutionConfigurationPlatforms) = preSolution
		Debug|x86 = Debug|x86
		Release|x86 = Release|x86
	EndGlobalSection
	GlobalSection(ProjectConfigurationPlatforms) = postSolution
		{B3D3BD3D-D53B-4439-9022-33549BA00E2E}.Debug|x86.ActiveCfg = Debug|x86
		{B3D3BD3D-D53B-4439-9022-33549BA00E2E}.Debug|x86.Build.0 = Debug|x86
		{B3D3BD3D-D53B-4439-9022-33549BA00E2E}.Release|x86.ActiveCfg = Release|x86
		{B3D3BD3D-D53B-4439-9022-33549BA00E2E}.Release|x86.Build.0 = Release|x86
	EndGlobalSection
	GlobalSection(SolutionProperties) = preSolution
		HideSolutionNode = FALSE
	EndGlobalSection
EndGlobal
