
Microsoft Visual Studio Solution File, Format Version 10.00
# Visual Studio 2008
Project("{FAE04EC0-301F-11D3-BF4B-00C04F79EFBC}") = "C2_UdpSever", "C2_UdpSever\C2_UdpSever.csproj", "{ACBE1197-E5B3-49DA-91B9-355914919FF8}"
EndProject
Global
	GlobalSection(SolutionConfigurationPlatforms) = preSolution
		Debug|Any CPU = Debug|Any CPU
		Release|Any CPU = Release|Any CPU
	EndGlobalSection
	GlobalSection(ProjectConfigurationPlatforms) = postSolution
		{ACBE1197-E5B3-49DA-91B9-355914919FF8}.Debug|Any CPU.ActiveCfg = Debug|Any CPU
		{ACBE1197-E5B3-49DA-91B9-355914919FF8}.Debug|Any CPU.Build.0 = Debug|Any CPU
		{ACBE1197-E5B3-49DA-91B9-355914919FF8}.Release|Any CPU.ActiveCfg = Release|Any CPU
		{ACBE1197-E5B3-49DA-91B9-355914919FF8}.Release|Any CPU.Build.0 = Release|Any CPU
	EndGlobalSection
	GlobalSection(SolutionProperties) = preSolution
		HideSolutionNode = FALSE
	EndGlobalSection
EndGlobal
